// !$*UTF8*$!
{
	archiveVersion = 1;
	classes = {
	};
	objectVersion = 56;
	objects = {

/* Begin PBXBuildFile section */
		DC3FE6A52B73DF96002E9992 /* PasswordField.swift in Sources */ = {isa = PBXBuildFile; fileRef = DC3FE6A42B73DF95002E9992 /* PasswordField.swift */; };
		DC57DADA2BB4717E00D7173C /* ServiceDetailView.swift in Sources */ = {isa = PBXBuildFile; fileRef = DC57DAD92BB4717E00D7173C /* ServiceDetailView.swift */; };
		DC57DADE2BB6FAD300D7173C /* ProfileView.swift in Sources */ = {isa = PBXBuildFile; fileRef = DC57DADD2BB6FAD300D7173C /* ProfileView.swift */; };
		DC57DAE02BB702EC00D7173C /* ChangePasswordView.swift in Sources */ = {isa = PBXBuildFile; fileRef = DC57DADF2BB702EC00D7173C /* ChangePasswordView.swift */; };
		DC57DAE42BB72E6900D7173C /* FirebaseMessaging in Frameworks */ = {isa = PBXBuildFile; productRef = DC57DAE32BB72E6900D7173C /* FirebaseMessaging */; };
		DC79B3BD2BBF11A900A6AC8A /* CountySelector.swift in Sources */ = {isa = PBXBuildFile; fileRef = DC79B3BC2BBF11A900A6AC8A /* CountySelector.swift */; };
		DC8AF1BC2B714E3E0013CC6C /* NotificationDetailView.swift in Sources */ = {isa = PBXBuildFile; fileRef = DC8AF1BB2B714E3E0013CC6C /* NotificationDetailView.swift */; };
		DC8AF1BE2B7155190013CC6C /* MainTabView.swift in Sources */ = {isa = PBXBuildFile; fileRef = DC8AF1BD2B7155190013CC6C /* MainTabView.swift */; };
		DC8AF1C02B7155410013CC6C /* ServicesView.swift in Sources */ = {isa = PBXBuildFile; fileRef = DC8AF1BF2B7155410013CC6C /* ServicesView.swift */; };
		DC8AF1C22B7157BD0013CC6C /* SettingsView.swift in Sources */ = {isa = PBXBuildFile; fileRef = DC8AF1C12B7157BD0013CC6C /* SettingsView.swift */; };
		DC8B2E2E2B72A57F00A3F865 /* FirebaseAnalytics in Frameworks */ = {isa = PBXBuildFile; productRef = DC8B2E2D2B72A57F00A3F865 /* FirebaseAnalytics */; };
		DC8B2E302B72A57F00A3F865 /* FirebaseAuth in Frameworks */ = {isa = PBXBuildFile; productRef = DC8B2E2F2B72A57F00A3F865 /* FirebaseAuth */; };
		DC8B2E322B72A57F00A3F865 /* FirebaseDatabase in Frameworks */ = {isa = PBXBuildFile; productRef = DC8B2E312B72A57F00A3F865 /* FirebaseDatabase */; };
		DC8B2E342B72A57F00A3F865 /* FirebaseDatabaseSwift in Frameworks */ = {isa = PBXBuildFile; productRef = DC8B2E332B72A57F00A3F865 /* FirebaseDatabaseSwift */; };
		DC8B2E362B72A57F00A3F865 /* FirebaseFirestore in Frameworks */ = {isa = PBXBuildFile; productRef = DC8B2E352B72A57F00A3F865 /* FirebaseFirestore */; };
		DC8B2E382B72A57F00A3F865 /* FirebaseFirestoreSwift in Frameworks */ = {isa = PBXBuildFile; productRef = DC8B2E372B72A57F00A3F865 /* FirebaseFirestoreSwift */; };
		DC8B2E3A2B72A57F00A3F865 /* FirebaseFunctions in Frameworks */ = {isa = PBXBuildFile; productRef = DC8B2E392B72A57F00A3F865 /* FirebaseFunctions */; };
		DC8B2E3C2B72BA9700A3F865 /* ContentView.swift in Sources */ = {isa = PBXBuildFile; fileRef = DC8B2E3B2B72BA9700A3F865 /* ContentView.swift */; };
		DC8B2E3E2B72BB4600A3F865 /* AuthenticationManager.swift in Sources */ = {isa = PBXBuildFile; fileRef = DC8B2E3D2B72BB4600A3F865 /* AuthenticationManager.swift */; };
		DC8B2E402B72C8E000A3F865 /* GoogleService-Info.plist in Resources */ = {isa = PBXBuildFile; fileRef = DC8B2E3F2B72C80600A3F865 /* GoogleService-Info.plist */; };
		DC9EE3E22B76AF3900C96102 /* AdminView.swift in Sources */ = {isa = PBXBuildFile; fileRef = DC9EE3E12B76AF3900C96102 /* AdminView.swift */; };
		DC9EE3E42B76B4FE00C96102 /* NotificationTypes.swift in Sources */ = {isa = PBXBuildFile; fileRef = DC9EE3E32B76B4FE00C96102 /* NotificationTypes.swift */; };
		DCB0608A2B59E17D00F17904 /* Capstone_AppApp.swift in Sources */ = {isa = PBXBuildFile; fileRef = DCB060892B59E17D00F17904 /* Capstone_AppApp.swift */; };
		DCB0608E2B59E17F00F17904 /* Assets.xcassets in Resources */ = {isa = PBXBuildFile; fileRef = DCB0608D2B59E17F00F17904 /* Assets.xcassets */; };
		DCB0609B2B59E18000F17904 /* Capstone_AppTests.swift in Sources */ = {isa = PBXBuildFile; fileRef = DCB0609A2B59E18000F17904 /* Capstone_AppTests.swift */; };
		DCB060A52B59E18000F17904 /* Capstone_AppUITests.swift in Sources */ = {isa = PBXBuildFile; fileRef = DCB060A42B59E18000F17904 /* Capstone_AppUITests.swift */; };
		DCB060A72B59E18000F17904 /* Capstone_AppUITestsLaunchTests.swift in Sources */ = {isa = PBXBuildFile; fileRef = DCB060A62B59E18000F17904 /* Capstone_AppUITestsLaunchTests.swift */; };
		DCB060B42B59E49600F17904 /* WelcomeView.swift in Sources */ = {isa = PBXBuildFile; fileRef = DCB060B32B59E49600F17904 /* WelcomeView.swift */; };
		DCB060B62B59E4A900F17904 /* LoginView.swift in Sources */ = {isa = PBXBuildFile; fileRef = DCB060B52B59E4A900F17904 /* LoginView.swift */; };
		DCB060B82B59E4BC00F17904 /* RegisterView.swift in Sources */ = {isa = PBXBuildFile; fileRef = DCB060B72B59E4BC00F17904 /* RegisterView.swift */; };
		DCF53F6E2B5EC19500EF232C /* Localizable.strings in Resources */ = {isa = PBXBuildFile; fileRef = DCF53F702B5EC19500EF232C /* Localizable.strings */; };
		DCF53F742B5EC45200EF232C /* LanguageSettings.swift in Sources */ = {isa = PBXBuildFile; fileRef = DCF53F732B5EC45200EF232C /* LanguageSettings.swift */; };
		DCF53F762B5EC52500EF232C /* SetLanguageView.swift in Sources */ = {isa = PBXBuildFile; fileRef = DCF53F752B5EC52500EF232C /* SetLanguageView.swift */; };
		DCF53F782B5ECEE100EF232C /* HomeView.swift in Sources */ = {isa = PBXBuildFile; fileRef = DCF53F772B5ECEE100EF232C /* HomeView.swift */; };
/* End PBXBuildFile section */

/* Begin PBXContainerItemProxy section */
		DCB060972B59E18000F17904 /* PBXContainerItemProxy */ = {
			isa = PBXContainerItemProxy;
			containerPortal = DCB0607E2B59E17D00F17904 /* Project object */;
			proxyType = 1;
			remoteGlobalIDString = DCB060852B59E17D00F17904;
			remoteInfo = "Capstone App";
		};
		DCB060A12B59E18000F17904 /* PBXContainerItemProxy */ = {
			isa = PBXContainerItemProxy;
			containerPortal = DCB0607E2B59E17D00F17904 /* Project object */;
			proxyType = 1;
			remoteGlobalIDString = DCB060852B59E17D00F17904;
			remoteInfo = "Capstone App";
		};
/* End PBXContainerItemProxy section */

/* Begin PBXFileReference section */
		DC3FE6A42B73DF95002E9992 /* PasswordField.swift */ = {isa = PBXFileReference; lastKnownFileType = sourcecode.swift; path = PasswordField.swift; sourceTree = "<group>"; };
		DC57DAD92BB4717E00D7173C /* ServiceDetailView.swift */ = {isa = PBXFileReference; lastKnownFileType = sourcecode.swift; path = ServiceDetailView.swift; sourceTree = "<group>"; };
		DC57DADD2BB6FAD300D7173C /* ProfileView.swift */ = {isa = PBXFileReference; lastKnownFileType = sourcecode.swift; path = ProfileView.swift; sourceTree = "<group>"; };
		DC57DADF2BB702EC00D7173C /* ChangePasswordView.swift */ = {isa = PBXFileReference; lastKnownFileType = sourcecode.swift; path = ChangePasswordView.swift; sourceTree = "<group>"; };
		DC57DAE12BB70D1200D7173C /* Capstone-App-Info.plist */ = {isa = PBXFileReference; lastKnownFileType = text.plist; path = "Capstone-App-Info.plist"; sourceTree = SOURCE_ROOT; };
		DC79B3BC2BBF11A900A6AC8A /* CountySelector.swift */ = {isa = PBXFileReference; lastKnownFileType = sourcecode.swift; path = CountySelector.swift; sourceTree = "<group>"; };
		DC8AF1BB2B714E3E0013CC6C /* NotificationDetailView.swift */ = {isa = PBXFileReference; lastKnownFileType = sourcecode.swift; path = NotificationDetailView.swift; sourceTree = "<group>"; };
		DC8AF1BD2B7155190013CC6C /* MainTabView.swift */ = {isa = PBXFileReference; lastKnownFileType = sourcecode.swift; path = MainTabView.swift; sourceTree = "<group>"; };
		DC8AF1BF2B7155410013CC6C /* ServicesView.swift */ = {isa = PBXFileReference; lastKnownFileType = sourcecode.swift; path = ServicesView.swift; sourceTree = "<group>"; };
		DC8AF1C12B7157BD0013CC6C /* SettingsView.swift */ = {isa = PBXFileReference; lastKnownFileType = sourcecode.swift; path = SettingsView.swift; sourceTree = "<group>"; };
		DC8B2E3B2B72BA9700A3F865 /* ContentView.swift */ = {isa = PBXFileReference; lastKnownFileType = sourcecode.swift; path = ContentView.swift; sourceTree = "<group>"; };
		DC8B2E3D2B72BB4600A3F865 /* AuthenticationManager.swift */ = {isa = PBXFileReference; lastKnownFileType = sourcecode.swift; path = AuthenticationManager.swift; sourceTree = "<group>"; };
		DC8B2E3F2B72C80600A3F865 /* GoogleService-Info.plist */ = {isa = PBXFileReference; lastKnownFileType = text.plist.xml; path = "GoogleService-Info.plist"; sourceTree = "<group>"; };
		DC9EE3E12B76AF3900C96102 /* AdminView.swift */ = {isa = PBXFileReference; lastKnownFileType = sourcecode.swift; path = AdminView.swift; sourceTree = "<group>"; };
		DC9EE3E32B76B4FE00C96102 /* NotificationTypes.swift */ = {isa = PBXFileReference; lastKnownFileType = sourcecode.swift; path = NotificationTypes.swift; sourceTree = "<group>"; };
		DCB060862B59E17D00F17904 /* Capstone App.app */ = {isa = PBXFileReference; explicitFileType = wrapper.application; includeInIndex = 0; path = "Capstone App.app"; sourceTree = BUILT_PRODUCTS_DIR; };
		DCB060892B59E17D00F17904 /* Capstone_AppApp.swift */ = {isa = PBXFileReference; lastKnownFileType = sourcecode.swift; path = Capstone_AppApp.swift; sourceTree = "<group>"; };
		DCB0608D2B59E17F00F17904 /* Assets.xcassets */ = {isa = PBXFileReference; lastKnownFileType = folder.assetcatalog; path = Assets.xcassets; sourceTree = "<group>"; };
		DCB060962B59E18000F17904 /* Capstone AppTests.xctest */ = {isa = PBXFileReference; explicitFileType = wrapper.cfbundle; includeInIndex = 0; path = "Capstone AppTests.xctest"; sourceTree = BUILT_PRODUCTS_DIR; };
		DCB0609A2B59E18000F17904 /* Capstone_AppTests.swift */ = {isa = PBXFileReference; lastKnownFileType = sourcecode.swift; path = Capstone_AppTests.swift; sourceTree = "<group>"; };
		DCB060A02B59E18000F17904 /* Capstone AppUITests.xctest */ = {isa = PBXFileReference; explicitFileType = wrapper.cfbundle; includeInIndex = 0; path = "Capstone AppUITests.xctest"; sourceTree = BUILT_PRODUCTS_DIR; };
		DCB060A42B59E18000F17904 /* Capstone_AppUITests.swift */ = {isa = PBXFileReference; lastKnownFileType = sourcecode.swift; path = Capstone_AppUITests.swift; sourceTree = "<group>"; };
		DCB060A62B59E18000F17904 /* Capstone_AppUITestsLaunchTests.swift */ = {isa = PBXFileReference; lastKnownFileType = sourcecode.swift; path = Capstone_AppUITestsLaunchTests.swift; sourceTree = "<group>"; };
		DCB060B32B59E49600F17904 /* WelcomeView.swift */ = {isa = PBXFileReference; lastKnownFileType = sourcecode.swift; path = WelcomeView.swift; sourceTree = "<group>"; };
		DCB060B52B59E4A900F17904 /* LoginView.swift */ = {isa = PBXFileReference; lastKnownFileType = sourcecode.swift; path = LoginView.swift; sourceTree = "<group>"; };
		DCB060B72B59E4BC00F17904 /* RegisterView.swift */ = {isa = PBXFileReference; lastKnownFileType = sourcecode.swift; path = RegisterView.swift; sourceTree = "<group>"; };
		DCF53F6F2B5EC19500EF232C /* en */ = {isa = PBXFileReference; lastKnownFileType = text.plist.strings; name = en; path = en.lproj/Localizable.strings; sourceTree = "<group>"; };
		DCF53F712B5EC31500EF232C /* ar */ = {isa = PBXFileReference; lastKnownFileType = text.plist.strings; name = ar; path = ar.lproj/Localizable.strings; sourceTree = "<group>"; };
		DCF53F722B5EC32800EF232C /* so */ = {isa = PBXFileReference; lastKnownFileType = text.plist.strings; name = so; path = so.lproj/Localizable.strings; sourceTree = "<group>"; };
		DCF53F732B5EC45200EF232C /* LanguageSettings.swift */ = {isa = PBXFileReference; lastKnownFileType = sourcecode.swift; path = LanguageSettings.swift; sourceTree = "<group>"; };
		DCF53F752B5EC52500EF232C /* SetLanguageView.swift */ = {isa = PBXFileReference; lastKnownFileType = sourcecode.swift; path = SetLanguageView.swift; sourceTree = "<group>"; };
		DCF53F772B5ECEE100EF232C /* HomeView.swift */ = {isa = PBXFileReference; lastKnownFileType = sourcecode.swift; path = HomeView.swift; sourceTree = "<group>"; };
		DCFC899A2BBC738300DE0CDF /* Capstone App.entitlements */ = {isa = PBXFileReference; lastKnownFileType = text.plist.entitlements; path = "Capstone App.entitlements"; sourceTree = "<group>"; };
/* End PBXFileReference section */

/* Begin PBXFrameworksBuildPhase section */
		DCB060832B59E17D00F17904 /* Frameworks */ = {
			isa = PBXFrameworksBuildPhase;
			buildActionMask = 2147483647;
			files = (
				DC57DAE42BB72E6900D7173C /* FirebaseMessaging in Frameworks */,
				DC8B2E342B72A57F00A3F865 /* FirebaseDatabaseSwift in Frameworks */,
				DC8B2E3A2B72A57F00A3F865 /* FirebaseFunctions in Frameworks */,
				DC8B2E322B72A57F00A3F865 /* FirebaseDatabase in Frameworks */,
				DC8B2E2E2B72A57F00A3F865 /* FirebaseAnalytics in Frameworks */,
				DC8B2E362B72A57F00A3F865 /* FirebaseFirestore in Frameworks */,
				DC8B2E302B72A57F00A3F865 /* FirebaseAuth in Frameworks */,
				DC8B2E382B72A57F00A3F865 /* FirebaseFirestoreSwift in Frameworks */,
			);
			runOnlyForDeploymentPostprocessing = 0;
		};
		DCB060932B59E18000F17904 /* Frameworks */ = {
			isa = PBXFrameworksBuildPhase;
			buildActionMask = 2147483647;
			files = (
			);
			runOnlyForDeploymentPostprocessing = 0;
		};
		DCB0609D2B59E18000F17904 /* Frameworks */ = {
			isa = PBXFrameworksBuildPhase;
			buildActionMask = 2147483647;
			files = (
			);
			runOnlyForDeploymentPostprocessing = 0;
		};
/* End PBXFrameworksBuildPhase section */

/* Begin PBXGroup section */
		DC3FE6A72B73E100002E9992 /* Preview Content */ = {
			isa = PBXGroup;
			children = (
			);
			path = "Preview Content";
			sourceTree = "<group>";
		};
		DC57DAE22BB72E6900D7173C /* Frameworks */ = {
			isa = PBXGroup;
			children = (
			);
			name = Frameworks;
			sourceTree = "<group>";
		};
		DCB0607D2B59E17D00F17904 = {
			isa = PBXGroup;
			children = (
				DCB060882B59E17D00F17904 /* Capstone App */,
				DCB060992B59E18000F17904 /* Capstone AppTests */,
				DCB060A32B59E18000F17904 /* Capstone AppUITests */,
				DCB060872B59E17D00F17904 /* Products */,
				DC57DAE22BB72E6900D7173C /* Frameworks */,
			);
			sourceTree = "<group>";
		};
		DCB060872B59E17D00F17904 /* Products */ = {
			isa = PBXGroup;
			children = (
				DCB060862B59E17D00F17904 /* Capstone App.app */,
				DCB060962B59E18000F17904 /* Capstone AppTests.xctest */,
				DCB060A02B59E18000F17904 /* Capstone AppUITests.xctest */,
			);
			name = Products;
			sourceTree = "<group>";
		};
		DCB060882B59E17D00F17904 /* Capstone App */ = {
			isa = PBXGroup;
			children = (
				DCFC899A2BBC738300DE0CDF /* Capstone App.entitlements */,
				DCB060892B59E17D00F17904 /* Capstone_AppApp.swift */,
				DC57DAE12BB70D1200D7173C /* Capstone-App-Info.plist */,
				DC3FE6A72B73E100002E9992 /* Preview Content */,
				DCF53F732B5EC45200EF232C /* LanguageSettings.swift */,
				DCF53F752B5EC52500EF232C /* SetLanguageView.swift */,
				DC8AF1C12B7157BD0013CC6C /* SettingsView.swift */,
				DC8B2E3B2B72BA9700A3F865 /* ContentView.swift */,
				DC8B2E3F2B72C80600A3F865 /* GoogleService-Info.plist */,
				DC8B2E3D2B72BB4600A3F865 /* AuthenticationManager.swift */,
				DC8AF1BF2B7155410013CC6C /* ServicesView.swift */,
				DC3FE6A42B73DF95002E9992 /* PasswordField.swift */,
				DC8AF1BD2B7155190013CC6C /* MainTabView.swift */,
				DCB060B32B59E49600F17904 /* WelcomeView.swift */,
				DCF53F772B5ECEE100EF232C /* HomeView.swift */,
				DC8AF1BB2B714E3E0013CC6C /* NotificationDetailView.swift */,
				DCF53F702B5EC19500EF232C /* Localizable.strings */,
				DCB060B52B59E4A900F17904 /* LoginView.swift */,
				DCB060B72B59E4BC00F17904 /* RegisterView.swift */,
				DCB0608D2B59E17F00F17904 /* Assets.xcassets */,
				DC9EE3E12B76AF3900C96102 /* AdminView.swift */,
				DC9EE3E32B76B4FE00C96102 /* NotificationTypes.swift */,
				DC57DAD92BB4717E00D7173C /* ServiceDetailView.swift */,
				DC79B3BC2BBF11A900A6AC8A /* CountySelector.swift */,
				DC57DADD2BB6FAD300D7173C /* ProfileView.swift */,
				DC57DADF2BB702EC00D7173C /* ChangePasswordView.swift */,
			);
			path = "Capstone App";
			sourceTree = "<group>";
		};
		DCB060992B59E18000F17904 /* Capstone AppTests */ = {
			isa = PBXGroup;
			children = (
				DCB0609A2B59E18000F17904 /* Capstone_AppTests.swift */,
			);
			path = "Capstone AppTests";
			sourceTree = "<group>";
		};
		DCB060A32B59E18000F17904 /* Capstone AppUITests */ = {
			isa = PBXGroup;
			children = (
				DCB060A42B59E18000F17904 /* Capstone_AppUITests.swift */,
				DCB060A62B59E18000F17904 /* Capstone_AppUITestsLaunchTests.swift */,
			);
			path = "Capstone AppUITests";
			sourceTree = "<group>";
		};
/* End PBXGroup section */

/* Begin PBXNativeTarget section */
		DCB060852B59E17D00F17904 /* Capstone App */ = {
			isa = PBXNativeTarget;
			buildConfigurationList = DCB060AA2B59E18000F17904 /* Build configuration list for PBXNativeTarget "Capstone App" */;
			buildPhases = (
				DCB060822B59E17D00F17904 /* Sources */,
				DCB060832B59E17D00F17904 /* Frameworks */,
				DCB060842B59E17D00F17904 /* Resources */,
			);
			buildRules = (
			);
			dependencies = (
			);
			name = "Capstone App";
			packageProductDependencies = (
				DC8B2E2D2B72A57F00A3F865 /* FirebaseAnalytics */,
				DC8B2E2F2B72A57F00A3F865 /* FirebaseAuth */,
				DC8B2E312B72A57F00A3F865 /* FirebaseDatabase */,
				DC8B2E332B72A57F00A3F865 /* FirebaseDatabaseSwift */,
				DC8B2E352B72A57F00A3F865 /* FirebaseFirestore */,
				DC8B2E372B72A57F00A3F865 /* FirebaseFirestoreSwift */,
				DC8B2E392B72A57F00A3F865 /* FirebaseFunctions */,
				DC57DAE32BB72E6900D7173C /* FirebaseMessaging */,
			);
			productName = "Capstone App";
			productReference = DCB060862B59E17D00F17904 /* Capstone App.app */;
			productType = "com.apple.product-type.application";
		};
		DCB060952B59E18000F17904 /* Capstone AppTests */ = {
			isa = PBXNativeTarget;
			buildConfigurationList = DCB060AD2B59E18000F17904 /* Build configuration list for PBXNativeTarget "Capstone AppTests" */;
			buildPhases = (
				DCB060922B59E18000F17904 /* Sources */,
				DCB060932B59E18000F17904 /* Frameworks */,
				DCB060942B59E18000F17904 /* Resources */,
			);
			buildRules = (
			);
			dependencies = (
				DCB060982B59E18000F17904 /* PBXTargetDependency */,
			);
			name = "Capstone AppTests";
			productName = "Capstone AppTests";
			productReference = DCB060962B59E18000F17904 /* Capstone AppTests.xctest */;
			productType = "com.apple.product-type.bundle.unit-test";
		};
		DCB0609F2B59E18000F17904 /* Capstone AppUITests */ = {
			isa = PBXNativeTarget;
			buildConfigurationList = DCB060B02B59E18000F17904 /* Build configuration list for PBXNativeTarget "Capstone AppUITests" */;
			buildPhases = (
				DCB0609C2B59E18000F17904 /* Sources */,
				DCB0609D2B59E18000F17904 /* Frameworks */,
				DCB0609E2B59E18000F17904 /* Resources */,
			);
			buildRules = (
			);
			dependencies = (
				DCB060A22B59E18000F17904 /* PBXTargetDependency */,
			);
			name = "Capstone AppUITests";
			productName = "Capstone AppUITests";
			productReference = DCB060A02B59E18000F17904 /* Capstone AppUITests.xctest */;
			productType = "com.apple.product-type.bundle.ui-testing";
		};
/* End PBXNativeTarget section */

/* Begin PBXProject section */
		DCB0607E2B59E17D00F17904 /* Project object */ = {
			isa = PBXProject;
			attributes = {
				BuildIndependentTargetsInParallel = 1;
				LastSwiftUpdateCheck = 1520;
				LastUpgradeCheck = 1520;
				TargetAttributes = {
					DCB060852B59E17D00F17904 = {
						CreatedOnToolsVersion = 15.2;
					};
					DCB060952B59E18000F17904 = {
						CreatedOnToolsVersion = 15.2;
						TestTargetID = DCB060852B59E17D00F17904;
					};
					DCB0609F2B59E18000F17904 = {
						CreatedOnToolsVersion = 15.2;
						TestTargetID = DCB060852B59E17D00F17904;
					};
				};
			};
			buildConfigurationList = DCB060812B59E17D00F17904 /* Build configuration list for PBXProject "Capstone App" */;
			compatibilityVersion = "Xcode 14.0";
			developmentRegion = en;
			hasScannedForEncodings = 0;
			knownRegions = (
				en,
				Base,
				ar,
				so,
			);
			mainGroup = DCB0607D2B59E17D00F17904;
			packageReferences = (
				DC8B2E2C2B72A57F00A3F865 /* XCRemoteSwiftPackageReference "firebase-ios-sdk" */,
			);
			productRefGroup = DCB060872B59E17D00F17904 /* Products */;
			projectDirPath = "";
			projectRoot = "";
			targets = (
				DCB060852B59E17D00F17904 /* Capstone App */,
				DCB060952B59E18000F17904 /* Capstone AppTests */,
				DCB0609F2B59E18000F17904 /* Capstone AppUITests */,
			);
		};
/* End PBXProject section */

/* Begin PBXResourcesBuildPhase section */
		DCB060842B59E17D00F17904 /* Resources */ = {
			isa = PBXResourcesBuildPhase;
			buildActionMask = 2147483647;
			files = (
				DC8B2E402B72C8E000A3F865 /* GoogleService-Info.plist in Resources */,
				DCF53F6E2B5EC19500EF232C /* Localizable.strings in Resources */,
				DCB0608E2B59E17F00F17904 /* Assets.xcassets in Resources */,
			);
			runOnlyForDeploymentPostprocessing = 0;
		};
		DCB060942B59E18000F17904 /* Resources */ = {
			isa = PBXResourcesBuildPhase;
			buildActionMask = 2147483647;
			files = (
			);
			runOnlyForDeploymentPostprocessing = 0;
		};
		DCB0609E2B59E18000F17904 /* Resources */ = {
			isa = PBXResourcesBuildPhase;
			buildActionMask = 2147483647;
			files = (
			);
			runOnlyForDeploymentPostprocessing = 0;
		};
/* End PBXResourcesBuildPhase section */

/* Begin PBXSourcesBuildPhase section */
		DCB060822B59E17D00F17904 /* Sources */ = {
			isa = PBXSourcesBuildPhase;
			buildActionMask = 2147483647;
			files = (
				DC8AF1C02B7155410013CC6C /* ServicesView.swift in Sources */,
				DCF53F742B5EC45200EF232C /* LanguageSettings.swift in Sources */,
				DC8B2E3C2B72BA9700A3F865 /* ContentView.swift in Sources */,
				DCB060B82B59E4BC00F17904 /* RegisterView.swift in Sources */,
				DC8AF1BE2B7155190013CC6C /* MainTabView.swift in Sources */,
				DCB060B42B59E49600F17904 /* WelcomeView.swift in Sources */,
				DC57DAE02BB702EC00D7173C /* ChangePasswordView.swift in Sources */,
				DCF53F762B5EC52500EF232C /* SetLanguageView.swift in Sources */,
				DC57DADA2BB4717E00D7173C /* ServiceDetailView.swift in Sources */,
				DC8B2E3E2B72BB4600A3F865 /* AuthenticationManager.swift in Sources */,
				DC8AF1BC2B714E3E0013CC6C /* NotificationDetailView.swift in Sources */,
				DCF53F782B5ECEE100EF232C /* HomeView.swift in Sources */,
				DCB060B62B59E4A900F17904 /* LoginView.swift in Sources */,
				DC3FE6A52B73DF96002E9992 /* PasswordField.swift in Sources */,
				DCB0608A2B59E17D00F17904 /* Capstone_AppApp.swift in Sources */,
				DC79B3BD2BBF11A900A6AC8A /* CountySelector.swift in Sources */,
				DC8AF1C22B7157BD0013CC6C /* SettingsView.swift in Sources */,
				DC57DADE2BB6FAD300D7173C /* ProfileView.swift in Sources */,
				DC9EE3E42B76B4FE00C96102 /* NotificationTypes.swift in Sources */,
				DC9EE3E22B76AF3900C96102 /* AdminView.swift in Sources */,
			);
			runOnlyForDeploymentPostprocessing = 0;
		};
		DCB060922B59E18000F17904 /* Sources */ = {
			isa = PBXSourcesBuildPhase;
			buildActionMask = 2147483647;
			files = (
				DCB0609B2B59E18000F17904 /* Capstone_AppTests.swift in Sources */,
			);
			runOnlyForDeploymentPostprocessing = 0;
		};
		DCB0609C2B59E18000F17904 /* Sources */ = {
			isa = PBXSourcesBuildPhase;
			buildActionMask = 2147483647;
			files = (
				DCB060A52B59E18000F17904 /* Capstone_AppUITests.swift in Sources */,
				DCB060A72B59E18000F17904 /* Capstone_AppUITestsLaunchTests.swift in Sources */,
			);
			runOnlyForDeploymentPostprocessing = 0;
		};
/* End PBXSourcesBuildPhase section */

/* Begin PBXTargetDependency section */
		DCB060982B59E18000F17904 /* PBXTargetDependency */ = {
			isa = PBXTargetDependency;
			target = DCB060852B59E17D00F17904 /* Capstone App */;
			targetProxy = DCB060972B59E18000F17904 /* PBXContainerItemProxy */;
		};
		DCB060A22B59E18000F17904 /* PBXTargetDependency */ = {
			isa = PBXTargetDependency;
			target = DCB060852B59E17D00F17904 /* Capstone App */;
			targetProxy = DCB060A12B59E18000F17904 /* PBXContainerItemProxy */;
		};
/* End PBXTargetDependency section */

/* Begin PBXVariantGroup section */
		DCF53F702B5EC19500EF232C /* Localizable.strings */ = {
			isa = PBXVariantGroup;
			children = (
				DCF53F6F2B5EC19500EF232C /* en */,
				DCF53F712B5EC31500EF232C /* ar */,
				DCF53F722B5EC32800EF232C /* so */,
			);
			name = Localizable.strings;
			sourceTree = "<group>";
		};
/* End PBXVariantGroup section */

/* Begin XCBuildConfiguration section */
		DCB060A82B59E18000F17904 /* Debug */ = {
			isa = XCBuildConfiguration;
			buildSettings = {
				ALWAYS_SEARCH_USER_PATHS = NO;
				ASSETCATALOG_COMPILER_GENERATE_SWIFT_ASSET_SYMBOL_EXTENSIONS = YES;
				CLANG_ANALYZER_LOCALIZABILITY_NONLOCALIZED = YES;
				CLANG_ANALYZER_NONNULL = YES;
				CLANG_ANALYZER_NUMBER_OBJECT_CONVERSION = YES_AGGRESSIVE;
				CLANG_CXX_LANGUAGE_STANDARD = "gnu++20";
				CLANG_ENABLE_MODULES = YES;
				CLANG_ENABLE_OBJC_ARC = YES;
				CLANG_ENABLE_OBJC_WEAK = YES;
				CLANG_WARN_BLOCK_CAPTURE_AUTORELEASING = YES;
				CLANG_WARN_BOOL_CONVERSION = YES;
				CLANG_WARN_COMMA = YES;
				CLANG_WARN_CONSTANT_CONVERSION = YES;
				CLANG_WARN_DEPRECATED_OBJC_IMPLEMENTATIONS = YES;
				CLANG_WARN_DIRECT_OBJC_ISA_USAGE = YES_ERROR;
				CLANG_WARN_DOCUMENTATION_COMMENTS = YES;
				CLANG_WARN_EMPTY_BODY = YES;
				CLANG_WARN_ENUM_CONVERSION = YES;
				CLANG_WARN_INFINITE_RECURSION = YES;
				CLANG_WARN_INT_CONVERSION = YES;
				CLANG_WARN_NON_LITERAL_NULL_CONVERSION = YES;
				CLANG_WARN_OBJC_IMPLICIT_RETAIN_SELF = YES;
				CLANG_WARN_OBJC_LITERAL_CONVERSION = YES;
				CLANG_WARN_OBJC_ROOT_CLASS = YES_ERROR;
				CLANG_WARN_QUOTED_INCLUDE_IN_FRAMEWORK_HEADER = YES;
				CLANG_WARN_RANGE_LOOP_ANALYSIS = YES;
				CLANG_WARN_STRICT_PROTOTYPES = YES;
				CLANG_WARN_SUSPICIOUS_MOVE = YES;
				CLANG_WARN_UNGUARDED_AVAILABILITY = YES_AGGRESSIVE;
				CLANG_WARN_UNREACHABLE_CODE = YES;
				CLANG_WARN__DUPLICATE_METHOD_MATCH = YES;
				COPY_PHASE_STRIP = NO;
				DEBUG_INFORMATION_FORMAT = dwarf;
				ENABLE_STRICT_OBJC_MSGSEND = YES;
				ENABLE_TESTABILITY = YES;
				ENABLE_USER_SCRIPT_SANDBOXING = YES;
				GCC_C_LANGUAGE_STANDARD = gnu17;
				GCC_DYNAMIC_NO_PIC = NO;
				GCC_NO_COMMON_BLOCKS = YES;
				GCC_OPTIMIZATION_LEVEL = 0;
				GCC_PREPROCESSOR_DEFINITIONS = (
					"DEBUG=1",
					"$(inherited)",
				);
				GCC_WARN_64_TO_32_BIT_CONVERSION = YES;
				GCC_WARN_ABOUT_RETURN_TYPE = YES_ERROR;
				GCC_WARN_UNDECLARED_SELECTOR = YES;
				GCC_WARN_UNINITIALIZED_AUTOS = YES_AGGRESSIVE;
				GCC_WARN_UNUSED_FUNCTION = YES;
				GCC_WARN_UNUSED_VARIABLE = YES;
				IPHONEOS_DEPLOYMENT_TARGET = 17.2;
				LOCALIZATION_PREFERS_STRING_CATALOGS = YES;
				MTL_ENABLE_DEBUG_INFO = INCLUDE_SOURCE;
				MTL_FAST_MATH = YES;
				ONLY_ACTIVE_ARCH = YES;
				SDKROOT = iphoneos;
				SWIFT_ACTIVE_COMPILATION_CONDITIONS = "DEBUG $(inherited)";
				SWIFT_OPTIMIZATION_LEVEL = "-Onone";
			};
			name = Debug;
		};
		DCB060A92B59E18000F17904 /* Release */ = {
			isa = XCBuildConfiguration;
			buildSettings = {
				ALWAYS_SEARCH_USER_PATHS = NO;
				ASSETCATALOG_COMPILER_GENERATE_SWIFT_ASSET_SYMBOL_EXTENSIONS = YES;
				CLANG_ANALYZER_LOCALIZABILITY_NONLOCALIZED = YES;
				CLANG_ANALYZER_NONNULL = YES;
				CLANG_ANALYZER_NUMBER_OBJECT_CONVERSION = YES_AGGRESSIVE;
				CLANG_CXX_LANGUAGE_STANDARD = "gnu++20";
				CLANG_ENABLE_MODULES = YES;
				CLANG_ENABLE_OBJC_ARC = YES;
				CLANG_ENABLE_OBJC_WEAK = YES;
				CLANG_WARN_BLOCK_CAPTURE_AUTORELEASING = YES;
				CLANG_WARN_BOOL_CONVERSION = YES;
				CLANG_WARN_COMMA = YES;
				CLANG_WARN_CONSTANT_CONVERSION = YES;
				CLANG_WARN_DEPRECATED_OBJC_IMPLEMENTATIONS = YES;
				CLANG_WARN_DIRECT_OBJC_ISA_USAGE = YES_ERROR;
				CLANG_WARN_DOCUMENTATION_COMMENTS = YES;
				CLANG_WARN_EMPTY_BODY = YES;
				CLANG_WARN_ENUM_CONVERSION = YES;
				CLANG_WARN_INFINITE_RECURSION = YES;
				CLANG_WARN_INT_CONVERSION = YES;
				CLANG_WARN_NON_LITERAL_NULL_CONVERSION = YES;
				CLANG_WARN_OBJC_IMPLICIT_RETAIN_SELF = YES;
				CLANG_WARN_OBJC_LITERAL_CONVERSION = YES;
				CLANG_WARN_OBJC_ROOT_CLASS = YES_ERROR;
				CLANG_WARN_QUOTED_INCLUDE_IN_FRAMEWORK_HEADER = YES;
				CLANG_WARN_RANGE_LOOP_ANALYSIS = YES;
				CLANG_WARN_STRICT_PROTOTYPES = YES;
				CLANG_WARN_SUSPICIOUS_MOVE = YES;
				CLANG_WARN_UNGUARDED_AVAILABILITY = YES_AGGRESSIVE;
				CLANG_WARN_UNREACHABLE_CODE = YES;
				CLANG_WARN__DUPLICATE_METHOD_MATCH = YES;
				COPY_PHASE_STRIP = NO;
				DEBUG_INFORMATION_FORMAT = "dwarf-with-dsym";
				ENABLE_NS_ASSERTIONS = NO;
				ENABLE_STRICT_OBJC_MSGSEND = YES;
				ENABLE_USER_SCRIPT_SANDBOXING = YES;
				GCC_C_LANGUAGE_STANDARD = gnu17;
				GCC_NO_COMMON_BLOCKS = YES;
				GCC_WARN_64_TO_32_BIT_CONVERSION = YES;
				GCC_WARN_ABOUT_RETURN_TYPE = YES_ERROR;
				GCC_WARN_UNDECLARED_SELECTOR = YES;
				GCC_WARN_UNINITIALIZED_AUTOS = YES_AGGRESSIVE;
				GCC_WARN_UNUSED_FUNCTION = YES;
				GCC_WARN_UNUSED_VARIABLE = YES;
				IPHONEOS_DEPLOYMENT_TARGET = 17.2;
				LOCALIZATION_PREFERS_STRING_CATALOGS = YES;
				MTL_ENABLE_DEBUG_INFO = NO;
				MTL_FAST_MATH = YES;
				SDKROOT = iphoneos;
				SWIFT_COMPILATION_MODE = wholemodule;
				VALIDATE_PRODUCT = YES;
			};
			name = Release;
		};
		DCB060AB2B59E18000F17904 /* Debug */ = {
			isa = XCBuildConfiguration;
			buildSettings = {
				ASSETCATALOG_COMPILER_APPICON_NAME = AppIcon;
				ASSETCATALOG_COMPILER_GLOBAL_ACCENT_COLOR_NAME = AccentColor;
				CODE_SIGN_ENTITLEMENTS = "Capstone App/Capstone App.entitlements";
				CODE_SIGN_STYLE = Automatic;
				CURRENT_PROJECT_VERSION = 1;
				DEVELOPMENT_ASSET_PATHS = "\"Capstone App/Preview Content\"";
				DEVELOPMENT_TEAM = 6DX692NV45;
				ENABLE_PREVIEWS = YES;
				GENERATE_INFOPLIST_FILE = YES;
				INFOPLIST_FILE = "Capstone-App-Info.plist";
				INFOPLIST_KEY_NSLocationAlwaysAndWhenInUseUsageDescription = "This allows us to send you notifications targeted to your current area, ensuring you receive the most useful updates and alerts. Your location data is used exclusively for tailoring notifications and is not shared with third parties without your consent.";
				INFOPLIST_KEY_NSLocationAlwaysUsageDescription = "This allows us to send you notifications targeted to your current area, ensuring you receive the most useful updates and alerts. Your location data is used exclusively for tailoring notifications and is not shared with third parties without your consent.";
				INFOPLIST_KEY_NSLocationUsageDescription = "This allows us to send you notifications targeted to your current area, ensuring you receive the most useful updates and alerts. Your location data is used exclusively for tailoring notifications and is not shared with third parties without your consent.";
				INFOPLIST_KEY_NSLocationWhenInUseUsageDescription = "This allows us to send you notifications targeted to your current area, ensuring you receive the most useful updates and alerts. Your location data is used exclusively for tailoring notifications and is not shared with third parties without your consent.";
				INFOPLIST_KEY_UIApplicationSceneManifest_Generation = YES;
				INFOPLIST_KEY_UIApplicationSupportsIndirectInputEvents = YES;
				INFOPLIST_KEY_UILaunchScreen_Generation = YES;
				INFOPLIST_KEY_UISupportedInterfaceOrientations_iPad = "UIInterfaceOrientationPortrait UIInterfaceOrientationPortraitUpsideDown UIInterfaceOrientationLandscapeLeft UIInterfaceOrientationLandscapeRight";
				INFOPLIST_KEY_UISupportedInterfaceOrientations_iPhone = "UIInterfaceOrientationPortrait UIInterfaceOrientationLandscapeLeft UIInterfaceOrientationLandscapeRight";
				IPHONEOS_DEPLOYMENT_TARGET = 16.0;
				LD_RUNPATH_SEARCH_PATHS = (
					"$(inherited)",
					"@executable_path/Frameworks",
				);
				MARKETING_VERSION = 1.0;
				OTHER_LDFLAGS = "-ObjC";
				PRODUCT_BUNDLE_IDENTIFIER = org.kipda.KipdaNotify;
				PRODUCT_NAME = "$(TARGET_NAME)";
				SWIFT_EMIT_LOC_STRINGS = YES;
				SWIFT_VERSION = 5.0;
				TARGETED_DEVICE_FAMILY = "1,2";
			};
			name = Debug;
		};
		DCB060AC2B59E18000F17904 /* Release */ = {
			isa = XCBuildConfiguration;
			buildSettings = {
				ASSETCATALOG_COMPILER_APPICON_NAME = AppIcon;
				ASSETCATALOG_COMPILER_GLOBAL_ACCENT_COLOR_NAME = AccentColor;
				CODE_SIGN_ENTITLEMENTS = "Capstone App/Capstone App.entitlements";
				CODE_SIGN_STYLE = Automatic;
				CURRENT_PROJECT_VERSION = 1;
				DEVELOPMENT_ASSET_PATHS = "\"Capstone App/Preview Content\"";
				DEVELOPMENT_TEAM = 6DX692NV45;
				ENABLE_PREVIEWS = YES;
				GENERATE_INFOPLIST_FILE = YES;
				INFOPLIST_FILE = "Capstone-App-Info.plist";
				INFOPLIST_KEY_NSLocationAlwaysAndWhenInUseUsageDescription = "This allows us to send you notifications targeted to your current area, ensuring you receive the most useful updates and alerts. Your location data is used exclusively for tailoring notifications and is not shared with third parties without your consent.";
				INFOPLIST_KEY_NSLocationAlwaysUsageDescription = "This allows us to send you notifications targeted to your current area, ensuring you receive the most useful updates and alerts. Your location data is used exclusively for tailoring notifications and is not shared with third parties without your consent.";
				INFOPLIST_KEY_NSLocationUsageDescription = "This allows us to send you notifications targeted to your current area, ensuring you receive the most useful updates and alerts. Your location data is used exclusively for tailoring notifications and is not shared with third parties without your consent.";
				INFOPLIST_KEY_NSLocationWhenInUseUsageDescription = "This allows us to send you notifications targeted to your current area, ensuring you receive the most useful updates and alerts. Your location data is used exclusively for tailoring notifications and is not shared with third parties without your consent.";
				INFOPLIST_KEY_UIApplicationSceneManifest_Generation = YES;
				INFOPLIST_KEY_UIApplicationSupportsIndirectInputEvents = YES;
				INFOPLIST_KEY_UILaunchScreen_Generation = YES;
				INFOPLIST_KEY_UISupportedInterfaceOrientations_iPad = "UIInterfaceOrientationPortrait UIInterfaceOrientationPortraitUpsideDown UIInterfaceOrientationLandscapeLeft UIInterfaceOrientationLandscapeRight";
				INFOPLIST_KEY_UISupportedInterfaceOrientations_iPhone = "UIInterfaceOrientationPortrait UIInterfaceOrientationLandscapeLeft UIInterfaceOrientationLandscapeRight";
				IPHONEOS_DEPLOYMENT_TARGET = 16.0;
				LD_RUNPATH_SEARCH_PATHS = (
					"$(inherited)",
					"@executable_path/Frameworks",
				);
				MARKETING_VERSION = 1.0;
				OTHER_LDFLAGS = "-ObjC";
				PRODUCT_BUNDLE_IDENTIFIER = org.kipda.KipdaNotify;
				PRODUCT_NAME = "$(TARGET_NAME)";
				SWIFT_EMIT_LOC_STRINGS = YES;
				SWIFT_VERSION = 5.0;
				TARGETED_DEVICE_FAMILY = "1,2";
			};
			name = Release;
		};
		DCB060AE2B59E18000F17904 /* Debug */ = {
			isa = XCBuildConfiguration;
			buildSettings = {
				ALWAYS_EMBED_SWIFT_STANDARD_LIBRARIES = YES;
				BUNDLE_LOADER = "$(TEST_HOST)";
				CODE_SIGN_STYLE = Automatic;
				CURRENT_PROJECT_VERSION = 1;
				GENERATE_INFOPLIST_FILE = YES;
				IPHONEOS_DEPLOYMENT_TARGET = 17.2;
				MARKETING_VERSION = 1.0;
				PRODUCT_BUNDLE_IDENTIFIER = "Capstone.Capstone-AppTests";
				PRODUCT_NAME = "$(TARGET_NAME)";
				SWIFT_EMIT_LOC_STRINGS = NO;
				SWIFT_VERSION = 5.0;
				TARGETED_DEVICE_FAMILY = "1,2";
				TEST_HOST = "$(BUILT_PRODUCTS_DIR)/Capstone App.app/$(BUNDLE_EXECUTABLE_FOLDER_PATH)/Capstone App";
			};
			name = Debug;
		};
		DCB060AF2B59E18000F17904 /* Release */ = {
			isa = XCBuildConfiguration;
			buildSettings = {
				ALWAYS_EMBED_SWIFT_STANDARD_LIBRARIES = YES;
				BUNDLE_LOADER = "$(TEST_HOST)";
				CODE_SIGN_STYLE = Automatic;
				CURRENT_PROJECT_VERSION = 1;
				GENERATE_INFOPLIST_FILE = YES;
				IPHONEOS_DEPLOYMENT_TARGET = 17.2;
				MARKETING_VERSION = 1.0;
				PRODUCT_BUNDLE_IDENTIFIER = "Capstone.Capstone-AppTests";
				PRODUCT_NAME = "$(TARGET_NAME)";
				SWIFT_EMIT_LOC_STRINGS = NO;
				SWIFT_VERSION = 5.0;
				TARGETED_DEVICE_FAMILY = "1,2";
				TEST_HOST = "$(BUILT_PRODUCTS_DIR)/Capstone App.app/$(BUNDLE_EXECUTABLE_FOLDER_PATH)/Capstone App";
			};
			name = Release;
		};
		DCB060B12B59E18000F17904 /* Debug */ = {
			isa = XCBuildConfiguration;
			buildSettings = {
				ALWAYS_EMBED_SWIFT_STANDARD_LIBRARIES = YES;
				CODE_SIGN_STYLE = Automatic;
				CURRENT_PROJECT_VERSION = 1;
				GENERATE_INFOPLIST_FILE = YES;
				MARKETING_VERSION = 1.0;
				PRODUCT_BUNDLE_IDENTIFIER = "Capstone.Capstone-AppUITests";
				PRODUCT_NAME = "$(TARGET_NAME)";
				SWIFT_EMIT_LOC_STRINGS = NO;
				SWIFT_VERSION = 5.0;
				TARGETED_DEVICE_FAMILY = "1,2";
				TEST_TARGET_NAME = "Capstone App";
			};
			name = Debug;
		};
		DCB060B22B59E18000F17904 /* Release */ = {
			isa = XCBuildConfiguration;
			buildSettings = {
				ALWAYS_EMBED_SWIFT_STANDARD_LIBRARIES = YES;
				CODE_SIGN_STYLE = Automatic;
				CURRENT_PROJECT_VERSION = 1;
				GENERATE_INFOPLIST_FILE = YES;
				MARKETING_VERSION = 1.0;
				PRODUCT_BUNDLE_IDENTIFIER = "Capstone.Capstone-AppUITests";
				PRODUCT_NAME = "$(TARGET_NAME)";
				SWIFT_EMIT_LOC_STRINGS = NO;
				SWIFT_VERSION = 5.0;
				TARGETED_DEVICE_FAMILY = "1,2";
				TEST_TARGET_NAME = "Capstone App";
			};
			name = Release;
		};
/* End XCBuildConfiguration section */

/* Begin XCConfigurationList section */
		DCB060812B59E17D00F17904 /* Build configuration list for PBXProject "Capstone App" */ = {
			isa = XCConfigurationList;
			buildConfigurations = (
				DCB060A82B59E18000F17904 /* Debug */,
				DCB060A92B59E18000F17904 /* Release */,
			);
			defaultConfigurationIsVisible = 0;
			defaultConfigurationName = Release;
		};
		DCB060AA2B59E18000F17904 /* Build configuration list for PBXNativeTarget "Capstone App" */ = {
			isa = XCConfigurationList;
			buildConfigurations = (
				DCB060AB2B59E18000F17904 /* Debug */,
				DCB060AC2B59E18000F17904 /* Release */,
			);
			defaultConfigurationIsVisible = 0;
			defaultConfigurationName = Release;
		};
		DCB060AD2B59E18000F17904 /* Build configuration list for PBXNativeTarget "Capstone AppTests" */ = {
			isa = XCConfigurationList;
			buildConfigurations = (
				DCB060AE2B59E18000F17904 /* Debug */,
				DCB060AF2B59E18000F17904 /* Release */,
			);
			defaultConfigurationIsVisible = 0;
			defaultConfigurationName = Release;
		};
		DCB060B02B59E18000F17904 /* Build configuration list for PBXNativeTarget "Capstone AppUITests" */ = {
			isa = XCConfigurationList;
			buildConfigurations = (
				DCB060B12B59E18000F17904 /* Debug */,
				DCB060B22B59E18000F17904 /* Release */,
			);
			defaultConfigurationIsVisible = 0;
			defaultConfigurationName = Release;
		};
/* End XCConfigurationList section */

/* Begin XCRemoteSwiftPackageReference section */
		DC8B2E2C2B72A57F00A3F865 /* XCRemoteSwiftPackageReference "firebase-ios-sdk" */ = {
			isa = XCRemoteSwiftPackageReference;
			repositoryURL = "https://github.com/firebase/firebase-ios-sdk";
			requirement = {
				kind = upToNextMajorVersion;
				minimumVersion = 10.20.0;
			};
		};
/* End XCRemoteSwiftPackageReference section */

/* Begin XCSwiftPackageProductDependency section */
		DC57DAE32BB72E6900D7173C /* FirebaseMessaging */ = {
			isa = XCSwiftPackageProductDependency;
			package = DC8B2E2C2B72A57F00A3F865 /* XCRemoteSwiftPackageReference "firebase-ios-sdk" */;
			productName = FirebaseMessaging;
		};
		DC8B2E2D2B72A57F00A3F865 /* FirebaseAnalytics */ = {
			isa = XCSwiftPackageProductDependency;
			package = DC8B2E2C2B72A57F00A3F865 /* XCRemoteSwiftPackageReference "firebase-ios-sdk" */;
			productName = FirebaseAnalytics;
		};
		DC8B2E2F2B72A57F00A3F865 /* FirebaseAuth */ = {
			isa = XCSwiftPackageProductDependency;
			package = DC8B2E2C2B72A57F00A3F865 /* XCRemoteSwiftPackageReference "firebase-ios-sdk" */;
			productName = FirebaseAuth;
		};
		DC8B2E312B72A57F00A3F865 /* FirebaseDatabase */ = {
			isa = XCSwiftPackageProductDependency;
			package = DC8B2E2C2B72A57F00A3F865 /* XCRemoteSwiftPackageReference "firebase-ios-sdk" */;
			productName = FirebaseDatabase;
		};
		DC8B2E332B72A57F00A3F865 /* FirebaseDatabaseSwift */ = {
			isa = XCSwiftPackageProductDependency;
			package = DC8B2E2C2B72A57F00A3F865 /* XCRemoteSwiftPackageReference "firebase-ios-sdk" */;
			productName = FirebaseDatabaseSwift;
		};
		DC8B2E352B72A57F00A3F865 /* FirebaseFirestore */ = {
			isa = XCSwiftPackageProductDependency;
			package = DC8B2E2C2B72A57F00A3F865 /* XCRemoteSwiftPackageReference "firebase-ios-sdk" */;
			productName = FirebaseFirestore;
		};
		DC8B2E372B72A57F00A3F865 /* FirebaseFirestoreSwift */ = {
			isa = XCSwiftPackageProductDependency;
			package = DC8B2E2C2B72A57F00A3F865 /* XCRemoteSwiftPackageReference "firebase-ios-sdk" */;
			productName = FirebaseFirestoreSwift;
		};
		DC8B2E392B72A57F00A3F865 /* FirebaseFunctions */ = {
			isa = XCSwiftPackageProductDependency;
			package = DC8B2E2C2B72A57F00A3F865 /* XCRemoteSwiftPackageReference "firebase-ios-sdk" */;
			productName = FirebaseFunctions;
		};
/* End XCSwiftPackageProductDependency section */
	};
	rootObject = DCB0607E2B59E17D00F17904 /* Project object */;
}
